{
  "requires": true,
  "lockfileVersion": 1,
  "dependencies": {
    "jquery-migrate": {
      "version": "3.3.1",
      "resolved": "https://registry.npmjs.org/jquery-migrate/-/jquery-migrate-3.3.1.tgz",
      "integrity": "sha512-QAXfshB6xqaANDX8OPExKnnooLtX0cSDCKfRnqhdv+3CVEVD9L1v3zNAhZum/4AukKlWUWUoxM6ywJJcLMXLSA=="
    }
  }
}
